PODS:
  - libEd25519Blake2b (0.0.3)

DEPENDENCIES:
  - libEd25519Blake2b (from `../`)

EXTERNAL SOURCES:
  libEd25519Blake2b:
    :path: "../"

SPEC CHECKSUMS:
  libEd25519Blake2b: 93b639c8ee7d32ebe320030c9dfad32fad72a4fb

PODFILE CHECKSUM: 97006777f038b03e86fc17ed16742cd1b12b8a5e

COCOAPODS: 1.5.3
