PODS:
  - libEd25519Blake2b (0.0.1)

DEPENDENCIES:
  - libEd25519Blake2b (from `../`)

EXTERNAL SOURCES:
  libEd25519Blake2b:
    :path: "../"

SPEC CHECKSUMS:
  libEd25519Blake2b: 95aa0738e6b2820bf2a304f1c87bcc33e13a2b23

PODFILE CHECKSUM: 97006777f038b03e86fc17ed16742cd1b12b8a5e

COCOAPODS: 1.5.3
