PODS:
  - libEd25519Blake2b (0.1.0)

DEPENDENCIES:
  - libEd25519Blake2b (from `../`)

EXTERNAL SOURCES:
  libEd25519Blake2b:
    :path: "../"

SPEC CHECKSUMS:
  libEd25519Blake2b: 185c36aec37de467c3cc6d75e700f4f6e7a8ba36

PODFILE CHECKSUM: 97006777f038b03e86fc17ed16742cd1b12b8a5e

COCOAPODS: 1.5.3
